
Microsoft Visual Studio Solution File, Format Version 12.00
# Visual Studio 15
VisualStudioVersion = 15.0.26730.16
MinimumVisualStudioVersion = 10.0.40219.1
Project("{D954291E-2A0B-460D-934E-DC6B0785DB48}") = "Afstandsbediening_Pergamijn", "Afstandsbediening_Pergamijn\Afstandsbediening_Pergamijn\Afstandsbediening_Pergamijn.shproj", "{337E1E44-D21A-4C1A-90D3-57EC3DC35849}"
EndProject
Project("{FAE04EC0-301F-11D3-BF4B-00C04F79EFBC}") = "Afstandsbediening_Pergamijn.Android", "Afstandsbediening_Pergamijn\Afstandsbediening_Pergamijn.Android\Afstandsbediening_Pergamijn.Android.csproj", "{A3F59F63-7DB1-49E4-B81F-E6CE895DFD2E}"
EndProject
Project("{FAE04EC0-301F-11D3-BF4B-00C04F79EFBC}") = "Afstandsbediening_Pergamijn.iOS", "Afstandsbediening_Pergamijn\Afstandsbediening_Pergamijn.iOS\Afstandsbediening_Pergamijn.iOS.csproj", "{27589F01-CED7-4CA7-986D-8BBDA6686013}"
EndProject
Project("{FAE04EC0-301F-11D3-BF4B-00C04F79EFBC}") = "Afstandsbediening_Pergamijn.UWP", "Afstandsbediening_Pergamijn\Afstandsbediening_Pergamijn.UWP\Afstandsbediening_Pergamijn.UWP.csproj", "{E7749F4F-3963-46FE-9038-6CCEFC732459}"
EndProject
Global
	GlobalSection(SharedMSBuildProjectFiles) = preSolution
		Afstandsbediening_Pergamijn\Afstandsbediening_Pergamijn\Afstandsbediening_Pergamijn.projitems*{27589f01-ced7-4ca7-986d-8bbda6686013}*SharedItemsImports = 4
		Afstandsbediening_Pergamijn\Afstandsbediening_Pergamijn\Afstandsbediening_Pergamijn.projitems*{337e1e44-d21a-4c1a-90d3-57ec3dc35849}*SharedItemsImports = 13
		Afstandsbediening_Pergamijn\Afstandsbediening_Pergamijn\Afstandsbediening_Pergamijn.projitems*{a3f59f63-7db1-49e4-b81f-e6ce895dfd2e}*SharedItemsImports = 4
	EndGlobalSection
	GlobalSection(SolutionConfigurationPlatforms) = preSolution
		Ad-Hoc|Any CPU = Ad-Hoc|Any CPU
		Ad-Hoc|ARM = Ad-Hoc|ARM
		Ad-Hoc|iPhone = Ad-Hoc|iPhone
		Ad-Hoc|iPhoneSimulator = Ad-Hoc|iPhoneSimulator
		Ad-Hoc|x64 = Ad-Hoc|x64
		Ad-Hoc|x86 = Ad-Hoc|x86
		AppStore|Any CPU = AppStore|Any CPU
		AppStore|ARM = AppStore|ARM
		AppStore|iPhone = AppStore|iPhone
		AppStore|iPhoneSimulator = AppStore|iPhoneSimulator
		AppStore|x64 = AppStore|x64
		AppStore|x86 = AppStore|x86
		Debug|Any CPU = Debug|Any CPU
		Debug|ARM = Debug|ARM
		Debug|iPhone = Debug|iPhone
		Debug|iPhoneSimulator = Debug|iPhoneSimulator
		Debug|x64 = Debug|x64
		Debug|x86 = Debug|x86
		Release|Any CPU = Release|Any CPU
		Release|ARM = Release|ARM
		Release|iPhone = Release|iPhone
		Release|iPhoneSimulator = Release|iPhoneSimulator
		Release|x64 = Release|x64
		Release|x86 = Release|x86
	EndGlobalSection
	GlobalSection(ProjectConfigurationPlatforms) = postSolution
		{A3F59F63-7DB1-49E4-B81F-E6CE895DFD2E}.Ad-Hoc|Any CPU.ActiveCfg = Release|Any CPU
		{A3F59F63-7DB1-49E4-B81F-E6CE895DFD2E}.Ad-Hoc|Any CPU.Build.0 = Release|Any CPU
		{A3F59F63-7DB1-49E4-B81F-E6CE895DFD2E}.Ad-Hoc|Any CPU.Deploy.0 = Release|Any CPU
		{A3F59F63-7DB1-49E4-B81F-E6CE895DFD2E}.Ad-Hoc|ARM.ActiveCfg = Release|Any CPU
		{A3F59F63-7DB1-49E4-B81F-E6CE895DFD2E}.Ad-Hoc|ARM.Build.0 = Release|Any CPU
		{A3F59F63-7DB1-49E4-B81F-E6CE895DFD2E}.Ad-Hoc|ARM.Deploy.0 = Release|Any CPU
		{A3F59F63-7DB1-49E4-B81F-E6CE895DFD2E}.Ad-Hoc|iPhone.ActiveCfg = Release|Any CPU
		{A3F59F63-7DB1-49E4-B81F-E6CE895DFD2E}.Ad-Hoc|iPhone.Build.0 = Release|Any CPU
		{A3F59F63-7DB1-49E4-B81F-E6CE895DFD2E}.Ad-Hoc|iPhone.Deploy.0 = Release|Any CPU
		{A3F59F63-7DB1-49E4-B81F-E6CE895DFD2E}.Ad-Hoc|iPhoneSimulator.ActiveCfg = Release|Any CPU
		{A3F59F63-7DB1-49E4-B81F-E6CE895DFD2E}.Ad-Hoc|iPhoneSimulator.Build.0 = Release|Any CPU
		{A3F59F63-7DB1-49E4-B81F-E6CE895DFD2E}.Ad-Hoc|iPhoneSimulator.Deploy.0 = Release|Any CPU
		{A3F59F63-7DB1-49E4-B81F-E6CE895DFD2E}.Ad-Hoc|x64.ActiveCfg = Release|Any CPU
		{A3F59F63-7DB1-49E4-B81F-E6CE895DFD2E}.Ad-Hoc|x64.Build.0 = Release|Any CPU
		{A3F59F63-7DB1-49E4-B81F-E6CE895DFD2E}.Ad-Hoc|x64.Deploy.0 = Release|Any CPU
		{A3F59F63-7DB1-49E4-B81F-E6CE895DFD2E}.Ad-Hoc|x86.ActiveCfg = Release|Any CPU
		{A3F59F63-7DB1-49E4-B81F-E6CE895DFD2E}.Ad-Hoc|x86.Build.0 = Release|Any CPU
		{A3F59F63-7DB1-49E4-B81F-E6CE895DFD2E}.Ad-Hoc|x86.Deploy.0 = Release|Any CPU
		{A3F59F63-7DB1-49E4-B81F-E6CE895DFD2E}.AppStore|Any CPU.ActiveCfg = Release|Any CPU
		{A3F59F63-7DB1-49E4-B81F-E6CE895DFD2E}.AppStore|Any CPU.Build.0 = Release|Any CPU
		{A3F59F63-7DB1-49E4-B81F-E6CE895DFD2E}.AppStore|Any CPU.Deploy.0 = Release|Any CPU
		{A3F59F63-7DB1-49E4-B81F-E6CE895DFD2E}.AppStore|ARM.ActiveCfg = Release|Any CPU
		{A3F59F63-7DB1-49E4-B81F-E6CE895DFD2E}.AppStore|ARM.Build.0 = Release|Any CPU
		{A3F59F63-7DB1-49E4-B81F-E6CE895DFD2E}.AppStore|ARM.Deploy.0 = Release|Any CPU
		{A3F59F63-7DB1-49E4-B81F-E6CE895DFD2E}.AppStore|iPhone.ActiveCfg = Release|Any CPU
		{A3F59F63-7DB1-49E4-B81F-E6CE895DFD2E}.AppStore|iPhone.Build.0 = Release|Any CPU
		{A3F59F63-7DB1-49E4-B81F-E6CE895DFD2E}.AppStore|iPhone.Deploy.0 = Release|Any CPU
		{A3F59F63-7DB1-49E4-B81F-E6CE895DFD2E}.AppStore|iPhoneSimulator.ActiveCfg = Release|Any CPU
		{A3F59F63-7DB1-49E4-B81F-E6CE895DFD2E}.AppStore|iPhoneSimulator.Build.0 = Release|Any CPU
		{A3F59F63-7DB1-49E4-B81F-E6CE895DFD2E}.AppStore|iPhoneSimulator.Deploy.0 = Release|Any CPU
		{A3F59F63-7DB1-49E4-B81F-E6CE895DFD2E}.AppStore|x64.ActiveCfg = Release|Any CPU
		{A3F59F63-7DB1-49E4-B81F-E6CE895DFD2E}.AppStore|x64.Build.0 = Release|Any CPU
		{A3F59F63-7DB1-49E4-B81F-E6CE895DFD2E}.AppStore|x64.Deploy.0 = Release|Any CPU
		{A3F59F63-7DB1-49E4-B81F-E6CE895DFD2E}.AppStore|x86.ActiveCfg = Release|Any CPU
		{A3F59F63-7DB1-49E4-B81F-E6CE895DFD2E}.AppStore|x86.Build.0 = Release|Any CPU
		{A3F59F63-7DB1-49E4-B81F-E6CE895DFD2E}.AppStore|x86.Deploy.0 = Release|Any CPU
		{A3F59F63-7DB1-49E4-B81F-E6CE895DFD2E}.Debug|Any CPU.ActiveCfg = Debug|Any CPU
		{A3F59F63-7DB1-49E4-B81F-E6CE895DFD2E}.Debug|Any CPU.Build.0 = Debug|Any CPU
		{A3F59F63-7DB1-49E4-B81F-E6CE895DFD2E}.Debug|Any CPU.Deploy.0 = Debug|Any CPU
		{A3F59F63-7DB1-49E4-B81F-E6CE895DFD2E}.Debug|ARM.ActiveCfg = Debug|Any CPU
		{A3F59F63-7DB1-49E4-B81F-E6CE895DFD2E}.Debug|ARM.Build.0 = Debug|Any CPU
		{A3F59F63-7DB1-49E4-B81F-E6CE895DFD2E}.Debug|ARM.Deploy.0 = Debug|Any CPU
		{A3F59F63-7DB1-49E4-B81F-E6CE895DFD2E}.Debug|iPhone.ActiveCfg = Debug|Any CPU
		{A3F59F63-7DB1-49E4-B81F-E6CE895DFD2E}.Debug|iPhone.Build.0 = Debug|Any CPU
		{A3F59F63-7DB1-49E4-B81F-E6CE895DFD2E}.Debug|iPhone.Deploy.0 = Debug|Any CPU
		{A3F59F63-7DB1-49E4-B81F-E6CE895DFD2E}.Debug|iPhoneSimulator.ActiveCfg = Debug|Any CPU
		{A3F59F63-7DB1-49E4-B81F-E6CE895DFD2E}.Debug|iPhoneSimulator.Build.0 = Debug|Any CPU
		{A3F59F63-7DB1-49E4-B81F-E6CE895DFD2E}.Debug|iPhoneSimulator.Deploy.0 = Debug|Any CPU
		{A3F59F63-7DB1-49E4-B81F-E6CE895DFD2E}.Debug|x64.ActiveCfg = Debug|Any CPU
		{A3F59F63-7DB1-49E4-B81F-E6CE895DFD2E}.Debug|x64.Build.0 = Debug|Any CPU
		{A3F59F63-7DB1-49E4-B81F-E6CE895DFD2E}.Debug|x64.Deploy.0 = Debug|Any CPU
		{A3F59F63-7DB1-49E4-B81F-E6CE895DFD2E}.Debug|x86.ActiveCfg = Debug|Any CPU
		{A3F59F63-7DB1-49E4-B81F-E6CE895DFD2E}.Debug|x86.Build.0 = Debug|Any CPU
		{A3F59F63-7DB1-49E4-B81F-E6CE895DFD2E}.Debug|x86.Deploy.0 = Debug|Any CPU
		{A3F59F63-7DB1-49E4-B81F-E6CE895DFD2E}.Release|Any CPU.ActiveCfg = Release|Any CPU
		{A3F59F63-7DB1-49E4-B81F-E6CE895DFD2E}.Release|Any CPU.Build.0 = Release|Any CPU
		{A3F59F63-7DB1-49E4-B81F-E6CE895DFD2E}.Release|Any CPU.Deploy.0 = Release|Any CPU
		{A3F59F63-7DB1-49E4-B81F-E6CE895DFD2E}.Release|ARM.ActiveCfg = Release|Any CPU
		{A3F59F63-7DB1-49E4-B81F-E6CE895DFD2E}.Release|ARM.Build.0 = Release|Any CPU
		{A3F59F63-7DB1-49E4-B81F-E6CE895DFD2E}.Release|ARM.Deploy.0 = Release|Any CPU
		{A3F59F63-7DB1-49E4-B81F-E6CE895DFD2E}.Release|iPhone.ActiveCfg = Release|Any CPU
		{A3F59F63-7DB1-49E4-B81F-E6CE895DFD2E}.Release|iPhone.Build.0 = Release|Any CPU
		{A3F59F63-7DB1-49E4-B81F-E6CE895DFD2E}.Release|iPhone.Deploy.0 = Release|Any CPU
		{A3F59F63-7DB1-49E4-B81F-E6CE895DFD2E}.Release|iPhoneSimulator.ActiveCfg = Release|Any CPU
		{A3F59F63-7DB1-49E4-B81F-E6CE895DFD2E}.Release|iPhoneSimulator.Build.0 = Release|Any CPU
		{A3F59F63-7DB1-49E4-B81F-E6CE895DFD2E}.Release|iPhoneSimulator.Deploy.0 = Release|Any CPU
		{A3F59F63-7DB1-49E4-B81F-E6CE895DFD2E}.Release|x64.ActiveCfg = Release|Any CPU
		{A3F59F63-7DB1-49E4-B81F-E6CE895DFD2E}.Release|x64.Build.0 = Release|Any CPU
		{A3F59F63-7DB1-49E4-B81F-E6CE895DFD2E}.Release|x64.Deploy.0 = Release|Any CPU
		{A3F59F63-7DB1-49E4-B81F-E6CE895DFD2E}.Release|x86.ActiveCfg = Release|Any CPU
		{A3F59F63-7DB1-49E4-B81F-E6CE895DFD2E}.Release|x86.Build.0 = Release|Any CPU
		{A3F59F63-7DB1-49E4-B81F-E6CE895DFD2E}.Release|x86.Deploy.0 = Release|Any CPU
		{27589F01-CED7-4CA7-986D-8BBDA6686013}.Ad-Hoc|Any CPU.ActiveCfg = Ad-Hoc|iPhone
		{27589F01-CED7-4CA7-986D-8BBDA6686013}.Ad-Hoc|ARM.ActiveCfg = Ad-Hoc|iPhone
		{27589F01-CED7-4CA7-986D-8BBDA6686013}.Ad-Hoc|iPhone.ActiveCfg = Ad-Hoc|iPhone
		{27589F01-CED7-4CA7-986D-8BBDA6686013}.Ad-Hoc|iPhone.Build.0 = Ad-Hoc|iPhone
		{27589F01-CED7-4CA7-986D-8BBDA6686013}.Ad-Hoc|iPhoneSimulator.ActiveCfg = Ad-Hoc|iPhoneSimulator
		{27589F01-CED7-4CA7-986D-8BBDA6686013}.Ad-Hoc|iPhoneSimulator.Build.0 = Ad-Hoc|iPhoneSimulator
		{27589F01-CED7-4CA7-986D-8BBDA6686013}.Ad-Hoc|x64.ActiveCfg = Ad-Hoc|iPhone
		{27589F01-CED7-4CA7-986D-8BBDA6686013}.Ad-Hoc|x86.ActiveCfg = Ad-Hoc|iPhone
		{27589F01-CED7-4CA7-986D-8BBDA6686013}.AppStore|Any CPU.ActiveCfg = AppStore|iPhone
		{27589F01-CED7-4CA7-986D-8BBDA6686013}.AppStore|ARM.ActiveCfg = AppStore|iPhone
		{27589F01-CED7-4CA7-986D-8BBDA6686013}.AppStore|iPhone.ActiveCfg = AppStore|iPhone
		{27589F01-CED7-4CA7-986D-8BBDA6686013}.AppStore|iPhone.Build.0 = AppStore|iPhone
		{27589F01-CED7-4CA7-986D-8BBDA6686013}.AppStore|iPhoneSimulator.ActiveCfg = AppStore|iPhoneSimulator
		{27589F01-CED7-4CA7-986D-8BBDA6686013}.AppStore|iPhoneSimulator.Build.0 = AppStore|iPhoneSimulator
		{27589F01-CED7-4CA7-986D-8BBDA6686013}.AppStore|x64.ActiveCfg = AppStore|iPhone
		{27589F01-CED7-4CA7-986D-8BBDA6686013}.AppStore|x86.ActiveCfg = AppStore|iPhone
		{27589F01-CED7-4CA7-986D-8BBDA6686013}.Debug|Any CPU.ActiveCfg = Debug|iPhone
		{27589F01-CED7-4CA7-986D-8BBDA6686013}.Debug|ARM.ActiveCfg = Debug|iPhone
		{27589F01-CED7-4CA7-986D-8BBDA6686013}.Debug|iPhone.ActiveCfg = Debug|iPhone
		{27589F01-CED7-4CA7-986D-8BBDA6686013}.Debug|iPhone.Build.0 = Debug|iPhone
		{27589F01-CED7-4CA7-986D-8BBDA6686013}.Debug|iPhoneSimulator.ActiveCfg = Debug|iPhoneSimulator
		{27589F01-CED7-4CA7-986D-8BBDA6686013}.Debug|iPhoneSimulator.Build.0 = Debug|iPhoneSimulator
		{27589F01-CED7-4CA7-986D-8BBDA6686013}.Debug|x64.ActiveCfg = Debug|iPhone
		{27589F01-CED7-4CA7-986D-8BBDA6686013}.Debug|x86.ActiveCfg = Debug|iPhone
		{27589F01-CED7-4CA7-986D-8BBDA6686013}.Release|Any CPU.ActiveCfg = Release|iPhone
		{27589F01-CED7-4CA7-986D-8BBDA6686013}.Release|ARM.ActiveCfg = Release|iPhone
		{27589F01-CED7-4CA7-986D-8BBDA6686013}.Release|iPhone.ActiveCfg = Release|iPhone
		{27589F01-CED7-4CA7-986D-8BBDA6686013}.Release|iPhone.Build.0 = Release|iPhone
		{27589F01-CED7-4CA7-986D-8BBDA6686013}.Release|iPhoneSimulator.ActiveCfg = Release|iPhoneSimulator
		{27589F01-CED7-4CA7-986D-8BBDA6686013}.Release|iPhoneSimulator.Build.0 = Release|iPhoneSimulator
		{27589F01-CED7-4CA7-986D-8BBDA6686013}.Release|x64.ActiveCfg = Release|iPhone
		{27589F01-CED7-4CA7-986D-8BBDA6686013}.Release|x86.ActiveCfg = Release|iPhone
		{E7749F4F-3963-46FE-9038-6CCEFC732459}.Ad-Hoc|Any CPU.ActiveCfg = Release|x86
		{E7749F4F-3963-46FE-9038-6CCEFC732459}.Ad-Hoc|Any CPU.Build.0 = Release|x86
		{E7749F4F-3963-46FE-9038-6CCEFC732459}.Ad-Hoc|Any CPU.Deploy.0 = Release|x86
		{E7749F4F-3963-46FE-9038-6CCEFC732459}.Ad-Hoc|ARM.ActiveCfg = Release|ARM
		{E7749F4F-3963-46FE-9038-6CCEFC732459}.Ad-Hoc|ARM.Build.0 = Release|ARM
		{E7749F4F-3963-46FE-9038-6CCEFC732459}.Ad-Hoc|ARM.Deploy.0 = Release|ARM
		{E7749F4F-3963-46FE-9038-6CCEFC732459}.Ad-Hoc|iPhone.ActiveCfg = Release|x86
		{E7749F4F-3963-46FE-9038-6CCEFC732459}.Ad-Hoc|iPhone.Build.0 = Release|x86
		{E7749F4F-3963-46FE-9038-6CCEFC732459}.Ad-Hoc|iPhone.Deploy.0 = Release|x86
		{E7749F4F-3963-46FE-9038-6CCEFC732459}.Ad-Hoc|iPhoneSimulator.ActiveCfg = Release|x86
		{E7749F4F-3963-46FE-9038-6CCEFC732459}.Ad-Hoc|iPhoneSimulator.Build.0 = Release|x86
		{E7749F4F-3963-46FE-9038-6CCEFC732459}.Ad-Hoc|iPhoneSimulator.Deploy.0 = Release|x86
		{E7749F4F-3963-46FE-9038-6CCEFC732459}.Ad-Hoc|x64.ActiveCfg = Release|x64
		{E7749F4F-3963-46FE-9038-6CCEFC732459}.Ad-Hoc|x64.Build.0 = Release|x64
		{E7749F4F-3963-46FE-9038-6CCEFC732459}.Ad-Hoc|x64.Deploy.0 = Release|x64
		{E7749F4F-3963-46FE-9038-6CCEFC732459}.Ad-Hoc|x86.ActiveCfg = Release|x86
		{E7749F4F-3963-46FE-9038-6CCEFC732459}.Ad-Hoc|x86.Build.0 = Release|x86
		{E7749F4F-3963-46FE-9038-6CCEFC732459}.Ad-Hoc|x86.Deploy.0 = Release|x86
		{E7749F4F-3963-46FE-9038-6CCEFC732459}.AppStore|Any CPU.ActiveCfg = Release|x86
		{E7749F4F-3963-46FE-9038-6CCEFC732459}.AppStore|Any CPU.Build.0 = Release|x86
		{E7749F4F-3963-46FE-9038-6CCEFC732459}.AppStore|Any CPU.Deploy.0 = Release|x86
		{E7749F4F-3963-46FE-9038-6CCEFC732459}.AppStore|ARM.ActiveCfg = Release|ARM
		{E7749F4F-3963-46FE-9038-6CCEFC732459}.AppStore|ARM.Build.0 = Release|ARM
		{E7749F4F-3963-46FE-9038-6CCEFC732459}.AppStore|ARM.Deploy.0 = Release|ARM
		{E7749F4F-3963-46FE-9038-6CCEFC732459}.AppStore|iPhone.ActiveCfg = Release|x86
		{E7749F4F-3963-46FE-9038-6CCEFC732459}.AppStore|iPhone.Build.0 = Release|x86
		{E7749F4F-3963-46FE-9038-6CCEFC732459}.AppStore|iPhone.Deploy.0 = Release|x86
		{E7749F4F-3963-46FE-9038-6CCEFC732459}.AppStore|iPhoneSimulator.ActiveCfg = Release|x86
		{E7749F4F-3963-46FE-9038-6CCEFC732459}.AppStore|iPhoneSimulator.Build.0 = Release|x86
		{E7749F4F-3963-46FE-9038-6CCEFC732459}.AppStore|iPhoneSimulator.Deploy.0 = Release|x86
		{E7749F4F-3963-46FE-9038-6CCEFC732459}.AppStore|x64.ActiveCfg = Release|x64
		{E7749F4F-3963-46FE-9038-6CCEFC732459}.AppStore|x64.Build.0 = Release|x64
		{E7749F4F-3963-46FE-9038-6CCEFC732459}.AppStore|x64.Deploy.0 = Release|x64
		{E7749F4F-3963-46FE-9038-6CCEFC732459}.AppStore|x86.ActiveCfg = Release|x86
		{E7749F4F-3963-46FE-9038-6CCEFC732459}.AppStore|x86.Build.0 = Release|x86
		{E7749F4F-3963-46FE-9038-6CCEFC732459}.AppStore|x86.Deploy.0 = Release|x86
		{E7749F4F-3963-46FE-9038-6CCEFC732459}.Debug|Any CPU.ActiveCfg = Debug|x86
		{E7749F4F-3963-46FE-9038-6CCEFC732459}.Debug|ARM.ActiveCfg = Debug|ARM
		{E7749F4F-3963-46FE-9038-6CCEFC732459}.Debug|ARM.Build.0 = Debug|ARM
		{E7749F4F-3963-46FE-9038-6CCEFC732459}.Debug|ARM.Deploy.0 = Debug|ARM
		{E7749F4F-3963-46FE-9038-6CCEFC732459}.Debug|iPhone.ActiveCfg = Debug|x86
		{E7749F4F-3963-46FE-9038-6CCEFC732459}.Debug|iPhoneSimulator.ActiveCfg = Debug|x86
		{E7749F4F-3963-46FE-9038-6CCEFC732459}.Debug|x64.ActiveCfg = Debug|x64
		{E7749F4F-3963-46FE-9038-6CCEFC732459}.Debug|x64.Build.0 = Debug|x64
		{E7749F4F-3963-46FE-9038-6CCEFC732459}.Debug|x64.Deploy.0 = Debug|x64
		{E7749F4F-3963-46FE-9038-6CCEFC732459}.Debug|x86.ActiveCfg = Debug|x86
		{E7749F4F-3963-46FE-9038-6CCEFC732459}.Debug|x86.Build.0 = Debug|x86
		{E7749F4F-3963-46FE-9038-6CCEFC732459}.Debug|x86.Deploy.0 = Debug|x86
		{E7749F4F-3963-46FE-9038-6CCEFC732459}.Release|Any CPU.ActiveCfg = Release|x86
		{E7749F4F-3963-46FE-9038-6CCEFC732459}.Release|ARM.ActiveCfg = Release|ARM
		{E7749F4F-3963-46FE-9038-6CCEFC732459}.Release|ARM.Build.0 = Release|ARM
		{E7749F4F-3963-46FE-9038-6CCEFC732459}.Release|ARM.Deploy.0 = Release|ARM
		{E7749F4F-3963-46FE-9038-6CCEFC732459}.Release|iPhone.ActiveCfg = Release|x86
		{E7749F4F-3963-46FE-9038-6CCEFC732459}.Release|iPhoneSimulator.ActiveCfg = Release|x86
		{E7749F4F-3963-46FE-9038-6CCEFC732459}.Release|x64.ActiveCfg = Release|x64
		{E7749F4F-3963-46FE-9038-6CCEFC732459}.Release|x64.Build.0 = Release|x64
		{E7749F4F-3963-46FE-9038-6CCEFC732459}.Release|x64.Deploy.0 = Release|x64
		{E7749F4F-3963-46FE-9038-6CCEFC732459}.Release|x86.ActiveCfg = Release|x86
		{E7749F4F-3963-46FE-9038-6CCEFC732459}.Release|x86.Build.0 = Release|x86
		{E7749F4F-3963-46FE-9038-6CCEFC732459}.Release|x86.Deploy.0 = Release|x86
	EndGlobalSection
	GlobalSection(SolutionProperties) = preSolution
		HideSolutionNode = FALSE
	EndGlobalSection
	GlobalSection(ExtensibilityGlobals) = postSolution
		SolutionGuid = {673B6651-C301-4A24-AB64-46405894BC04}
	EndGlobalSection
EndGlobal
